// !$*UTF8*$!
{
	archiveVersion = 1;
	classes = {
	};
	objectVersion = 46;
	objects = {

/* Begin PBXBuildFile section */
		383D66881BB993A300541660 /* MyTargetSDK.framework in Frameworks */ = {isa = PBXBuildFile; fileRef = 383D66871BB993A300541660 /* MyTargetSDK.framework */; };
		383D66B21BBADFCF00541660 /* SystemConfiguration.framework in Frameworks */ = {isa = PBXBuildFile; fileRef = 383D66B11BBADFCF00541660 /* SystemConfiguration.framework */; };
		387DBA431AC58DC600CE148E /* main.m in Sources */ = {isa = PBXBuildFile; fileRef = 387DBA421AC58DC600CE148E /* main.m */; };
		387DBA461AC58DC600CE148E /* AppDelegate.m in Sources */ = {isa = PBXBuildFile; fileRef = 387DBA451AC58DC600CE148E /* AppDelegate.m */; };
		387DBA491AC58DC600CE148E /* ViewController.m in Sources */ = {isa = PBXBuildFile; fileRef = 387DBA481AC58DC600CE148E /* ViewController.m */; };
		387DBA4C1AC58DC600CE148E /* Main.storyboard in Resources */ = {isa = PBXBuildFile; fileRef = 387DBA4A1AC58DC600CE148E /* Main.storyboard */; };
		387DBA4E1AC58DC600CE148E /* Images.xcassets in Resources */ = {isa = PBXBuildFile; fileRef = 387DBA4D1AC58DC600CE148E /* Images.xcassets */; };
		387DBA511AC58DC600CE148E /* LaunchScreen.xib in Resources */ = {isa = PBXBuildFile; fileRef = 387DBA4F1AC58DC600CE148E /* LaunchScreen.xib */; };
		387DBA5D1AC58DC600CE148E /* InterstitialAdExampleTests.m in Sources */ = {isa = PBXBuildFile; fileRef = 387DBA5C1AC58DC600CE148E /* InterstitialAdExampleTests.m */; };
		389B3C7E1AC5B50B007DE2BE /* AdSupport.framework in Frameworks */ = {isa = PBXBuildFile; fileRef = 389B3C7D1AC5B50B007DE2BE /* AdSupport.framework */; };
		389B3C801AC5B514007DE2BE /* StoreKit.framework in Frameworks */ = {isa = PBXBuildFile; fileRef = 389B3C7F1AC5B514007DE2BE /* StoreKit.framework */; };
		389B3C821AC5B51C007DE2BE /* CoreTelephony.framework in Frameworks */ = {isa = PBXBuildFile; fileRef = 389B3C811AC5B51C007DE2BE /* CoreTelephony.framework */; };
		389B3C841AC5B530007DE2BE /* CoreLocation.framework in Frameworks */ = {isa = PBXBuildFile; fileRef = 389B3C831AC5B530007DE2BE /* CoreLocation.framework */; };
		38CC41A01CAAB09E00E45C65 /* AVFoundation.framework in Frameworks */ = {isa = PBXBuildFile; fileRef = 38CC419F1CAAB09E00E45C65 /* AVFoundation.framework */; };
		38EA33BC1CF7045300C352D0 /* CoreMedia.framework in Frameworks */ = {isa = PBXBuildFile; fileRef = 38EA33BB1CF7045300C352D0 /* CoreMedia.framework */; };
/* End PBXBuildFile section */

/* Begin PBXContainerItemProxy section */
		387DBA571AC58DC600CE148E /* PBXContainerItemProxy */ = {
			isa = PBXContainerItemProxy;
			containerPortal = 387DBA351AC58DC600CE148E /* Project object */;
			proxyType = 1;
			remoteGlobalIDString = 387DBA3C1AC58DC600CE148E;
			remoteInfo = InterstitialAdExample;
		};
/* End PBXContainerItemProxy section */

/* Begin PBXFileReference section */
		383D66871BB993A300541660 /* MyTargetSDK.framework */ = {isa = PBXFileReference; lastKnownFileType = wrapper.framework; name = MyTargetSDK.framework; path = ../../MyTargetSDK.framework; sourceTree = "<group>"; };
		383D66B11BBADFCF00541660 /* SystemConfiguration.framework */ = {isa = PBXFileReference; lastKnownFileType = wrapper.framework; name = SystemConfiguration.framework; path = System/Library/Frameworks/SystemConfiguration.framework; sourceTree = SDKROOT; };
		387DBA3D1AC58DC600CE148E /* InterstitialAdExample.app */ = {isa = PBXFileReference; explicitFileType = wrapper.application; includeInIndex = 0; path = InterstitialAdExample.app; sourceTree = BUILT_PRODUCTS_DIR; };
		387DBA411AC58DC600CE148E /* Info.plist */ = {isa = PBXFileReference; lastKnownFileType = text.plist.xml; path = Info.plist; sourceTree = "<group>"; };
		387DBA421AC58DC600CE148E /* main.m */ = {isa = PBXFileReference; lastKnownFileType = sourcecode.c.objc; path = main.m; sourceTree = "<group>"; };
		387DBA441AC58DC600CE148E /* AppDelegate.h */ = {isa = PBXFileReference; lastKnownFileType = sourcecode.c.h; path = AppDelegate.h; sourceTree = "<group>"; };
		387DBA451AC58DC600CE148E /* AppDelegate.m */ = {isa = PBXFileReference; lastKnownFileType = sourcecode.c.objc; path = AppDelegate.m; sourceTree = "<group>"; };
		387DBA471AC58DC600CE148E /* ViewController.h */ = {isa = PBXFileReference; lastKnownFileType = sourcecode.c.h; path = ViewController.h; sourceTree = "<group>"; };
		387DBA481AC58DC600CE148E /* ViewController.m */ = {isa = PBXFileReference; lastKnownFileType = sourcecode.c.objc; path = ViewController.m; sourceTree = "<group>"; };
		387DBA4B1AC58DC600CE148E /* Base */ = {isa = PBXFileReference; lastKnownFileType = file.storyboard; name = Base; path = Base.lproj/Main.storyboard; sourceTree = "<group>"; };
		387DBA4D1AC58DC600CE148E /* Images.xcassets */ = {isa = PBXFileReference; lastKnownFileType = folder.assetcatalog; path = Images.xcassets; sourceTree = "<group>"; };
		387DBA501AC58DC600CE148E /* Base */ = {isa = PBXFileReference; lastKnownFileType = file.xib; name = Base; path = Base.lproj/LaunchScreen.xib; sourceTree = "<group>"; };
		387DBA561AC58DC600CE148E /* InterstitialAdExampleTests.xctest */ = {isa = PBXFileReference; explicitFileType = wrapper.cfbundle; includeInIndex = 0; path = InterstitialAdExampleTests.xctest; sourceTree = BUILT_PRODUCTS_DIR; };
		387DBA5B1AC58DC600CE148E /* Info.plist */ = {isa = PBXFileReference; lastKnownFileType = text.plist.xml; path = Info.plist; sourceTree = "<group>"; };
		387DBA5C1AC58DC600CE148E /* InterstitialAdExampleTests.m */ = {isa = PBXFileReference; lastKnownFileType = sourcecode.c.objc; path = InterstitialAdExampleTests.m; sourceTree = "<group>"; };
		389B3C7D1AC5B50B007DE2BE /* AdSupport.framework */ = {isa = PBXFileReference; lastKnownFileType = wrapper.framework; name = AdSupport.framework; path = System/Library/Frameworks/AdSupport.framework; sourceTree = SDKROOT; };
		389B3C7F1AC5B514007DE2BE /* StoreKit.framework */ = {isa = PBXFileReference; lastKnownFileType = wrapper.framework; name = StoreKit.framework; path = System/Library/Frameworks/StoreKit.framework; sourceTree = SDKROOT; };
		389B3C811AC5B51C007DE2BE /* CoreTelephony.framework */ = {isa = PBXFileReference; lastKnownFileType = wrapper.framework; name = CoreTelephony.framework; path = System/Library/Frameworks/CoreTelephony.framework; sourceTree = SDKROOT; };
		389B3C831AC5B530007DE2BE /* CoreLocation.framework */ = {isa = PBXFileReference; lastKnownFileType = wrapper.framework; name = CoreLocation.framework; path = System/Library/Frameworks/CoreLocation.framework; sourceTree = SDKROOT; };
		38CC419F1CAAB09E00E45C65 /* AVFoundation.framework */ = {isa = PBXFileReference; lastKnownFileType = wrapper.framework; name = AVFoundation.framework; path = System/Library/Frameworks/AVFoundation.framework; sourceTree = SDKROOT; };
		38EA33BB1CF7045300C352D0 /* CoreMedia.framework */ = {isa = PBXFileReference; lastKnownFileType = wrapper.framework; name = CoreMedia.framework; path = System/Library/Frameworks/CoreMedia.framework; sourceTree = SDKROOT; };
/* End PBXFileReference section */

/* Begin PBXFrameworksBuildPhase section */
		387DBA3A1AC58DC600CE148E /* Frameworks */ = {
			isa = PBXFrameworksBuildPhase;
			buildActionMask = 2147483647;
			files = (
				38EA33BC1CF7045300C352D0 /* CoreMedia.framework in Frameworks */,
				38CC41A01CAAB09E00E45C65 /* AVFoundation.framework in Frameworks */,
				383D66B21BBADFCF00541660 /* SystemConfiguration.framework in Frameworks */,
				389B3C841AC5B530007DE2BE /* CoreLocation.framework in Frameworks */,
				389B3C821AC5B51C007DE2BE /* CoreTelephony.framework in Frameworks */,
				383D66881BB993A300541660 /* MyTargetSDK.framework in Frameworks */,
				389B3C801AC5B514007DE2BE /* StoreKit.framework in Frameworks */,
				389B3C7E1AC5B50B007DE2BE /* AdSupport.framework in Frameworks */,
			);
			runOnlyForDeploymentPostprocessing = 0;
		};
		387DBA531AC58DC600CE148E /* Frameworks */ = {
			isa = PBXFrameworksBuildPhase;
			buildActionMask = 2147483647;
			files = (
			);
			runOnlyForDeploymentPostprocessing = 0;
		};
/* End PBXFrameworksBuildPhase section */

/* Begin PBXGroup section */
		387DBA341AC58DC600CE148E = {
			isa = PBXGroup;
			children = (
				38EA33BB1CF7045300C352D0 /* CoreMedia.framework */,
				38CC419F1CAAB09E00E45C65 /* AVFoundation.framework */,
				383D66B11BBADFCF00541660 /* SystemConfiguration.framework */,
				383D66871BB993A300541660 /* MyTargetSDK.framework */,
				389B3C831AC5B530007DE2BE /* CoreLocation.framework */,
				389B3C811AC5B51C007DE2BE /* CoreTelephony.framework */,
				389B3C7F1AC5B514007DE2BE /* StoreKit.framework */,
				389B3C7D1AC5B50B007DE2BE /* AdSupport.framework */,
				387DBA3F1AC58DC600CE148E /* InterstitialAdExample */,
				387DBA591AC58DC600CE148E /* InterstitialAdExampleTests */,
				387DBA3E1AC58DC600CE148E /* Products */,
			);
			sourceTree = "<group>";
		};
		387DBA3E1AC58DC600CE148E /* Products */ = {
			isa = PBXGroup;
			children = (
				387DBA3D1AC58DC600CE148E /* InterstitialAdExample.app */,
				387DBA561AC58DC600CE148E /* InterstitialAdExampleTests.xctest */,
			);
			name = Products;
			sourceTree = "<group>";
		};
		387DBA3F1AC58DC600CE148E /* InterstitialAdExample */ = {
			isa = PBXGroup;
			children = (
				387DBA441AC58DC600CE148E /* AppDelegate.h */,
				387DBA451AC58DC600CE148E /* AppDelegate.m */,
				387DBA471AC58DC600CE148E /* ViewController.h */,
				387DBA481AC58DC600CE148E /* ViewController.m */,
				387DBA4A1AC58DC600CE148E /* Main.storyboard */,
				387DBA4D1AC58DC600CE148E /* Images.xcassets */,
				387DBA4F1AC58DC600CE148E /* LaunchScreen.xib */,
				387DBA401AC58DC600CE148E /* Supporting Files */,
			);
			path = InterstitialAdExample;
			sourceTree = "<group>";
		};
		387DBA401AC58DC600CE148E /* Supporting Files */ = {
			isa = PBXGroup;
			children = (
				387DBA411AC58DC600CE148E /* Info.plist */,
				387DBA421AC58DC600CE148E /* main.m */,
			);
			name = "Supporting Files";
			sourceTree = "<group>";
		};
		387DBA591AC58DC600CE148E /* InterstitialAdExampleTests */ = {
			isa = PBXGroup;
			children = (
				387DBA5C1AC58DC600CE148E /* InterstitialAdExampleTests.m */,
				387DBA5A1AC58DC600CE148E /* Supporting Files */,
			);
			path = InterstitialAdExampleTests;
			sourceTree = "<group>";
		};
		387DBA5A1AC58DC600CE148E /* Supporting Files */ = {
			isa = PBXGroup;
			children = (
				387DBA5B1AC58DC600CE148E /* Info.plist */,
			);
			name = "Supporting Files";
			sourceTree = "<group>";
		};
/* End PBXGroup section */

/* Begin PBXNativeTarget section */
		387DBA3C1AC58DC600CE148E /* InterstitialAdExample */ = {
			isa = PBXNativeTarget;
			buildConfigurationList = 387DBA601AC58DC600CE148E /* Build configuration list for PBXNativeTarget "InterstitialAdExample" */;
			buildPhases = (
				387DBA391AC58DC600CE148E /* Sources */,
				387DBA3A1AC58DC600CE148E /* Frameworks */,
				387DBA3B1AC58DC600CE148E /* Resources */,
			);
			buildRules = (
			);
			dependencies = (
			);
			name = InterstitialAdExample;
			productName = InterstitialAdExample;
			productReference = 387DBA3D1AC58DC600CE148E /* InterstitialAdExample.app */;
			productType = "com.apple.product-type.application";
		};
		387DBA551AC58DC600CE148E /* InterstitialAdExampleTests */ = {
			isa = PBXNativeTarget;
			buildConfigurationList = 387DBA631AC58DC600CE148E /* Build configuration list for PBXNativeTarget "InterstitialAdExampleTests" */;
			buildPhases = (
				387DBA521AC58DC600CE148E /* Sources */,
				387DBA531AC58DC600CE148E /* Frameworks */,
				387DBA541AC58DC600CE148E /* Resources */,
			);
			buildRules = (
			);
			dependencies = (
				387DBA581AC58DC600CE148E /* PBXTargetDependency */,
			);
			name = InterstitialAdExampleTests;
			productName = InterstitialAdExampleTests;
			productReference = 387DBA561AC58DC600CE148E /* InterstitialAdExampleTests.xctest */;
			productType = "com.apple.product-type.bundle.unit-test";
		};
/* End PBXNativeTarget section */

/* Begin PBXProject section */
		387DBA351AC58DC600CE148E /* Project object */ = {
			isa = PBXProject;
			attributes = {
				LastUpgradeCheck = 0700;
				ORGANIZATIONNAME = "Anton Bulankin";
				TargetAttributes = {
					387DBA3C1AC58DC600CE148E = {
						CreatedOnToolsVersion = 6.2;
						DevelopmentTeam = 4D6LA585PP;
					};
					387DBA551AC58DC600CE148E = {
						CreatedOnToolsVersion = 6.2;
					};
				};
			};
			buildConfigurationList = 387DBA381AC58DC600CE148E /* Build configuration list for PBXProject "InterstitialAdExample" */;
			compatibilityVersion = "Xcode 3.2";
			developmentRegion = English;
			hasScannedForEncodings = 0;
			knownRegions = (
				en,
				Base,
			);
			mainGroup = 387DBA341AC58DC600CE148E;
			productRefGroup = 387DBA3E1AC58DC600CE148E /* Products */;
			projectDirPath = "";
			projectRoot = "";
			targets = (
				387DBA3C1AC58DC600CE148E /* InterstitialAdExample */,
				387DBA551AC58DC600CE148E /* InterstitialAdExampleTests */,
			);
		};
/* End PBXProject section */

/* Begin PBXResourcesBuildPhase section */
		387DBA3B1AC58DC600CE148E /* Resources */ = {
			isa = PBXResourcesBuildPhase;
			buildActionMask = 2147483647;
			files = (
				387DBA4C1AC58DC600CE148E /* Main.storyboard in Resources */,
				387DBA511AC58DC600CE148E /* LaunchScreen.xib in Resources */,
				387DBA4E1AC58DC600CE148E /* Images.xcassets in Resources */,
			);
			runOnlyForDeploymentPostprocessing = 0;
		};
		387DBA541AC58DC600CE148E /* Resources */ = {
			isa = PBXResourcesBuildPhase;
			buildActionMask = 2147483647;
			files = (
			);
			runOnlyForDeploymentPostprocessing = 0;
		};
/* End PBXResourcesBuildPhase section */

/* Begin PBXSourcesBuildPhase section */
		387DBA391AC58DC600CE148E /* Sources */ = {
			isa = PBXSourcesBuildPhase;
			buildActionMask = 2147483647;
			files = (
				387DBA491AC58DC600CE148E /* ViewController.m in Sources */,
				387DBA461AC58DC600CE148E /* AppDelegate.m in Sources */,
				387DBA431AC58DC600CE148E /* main.m in Sources */,
			);
			runOnlyForDeploymentPostprocessing = 0;
		};
		387DBA521AC58DC600CE148E /* Sources */ = {
			isa = PBXSourcesBuildPhase;
			buildActionMask = 2147483647;
			files = (
				387DBA5D1AC58DC600CE148E /* InterstitialAdExampleTests.m in Sources */,
			);
			runOnlyForDeploymentPostprocessing = 0;
		};
/* End PBXSourcesBuildPhase section */

/* Begin PBXTargetDependency section */
		387DBA581AC58DC600CE148E /* PBXTargetDependency */ = {
			isa = PBXTargetDependency;
			target = 387DBA3C1AC58DC600CE148E /* InterstitialAdExample */;
			targetProxy = 387DBA571AC58DC600CE148E /* PBXContainerItemProxy */;
		};
/* End PBXTargetDependency section */

/* Begin PBXVariantGroup section */
		387DBA4A1AC58DC600CE148E /* Main.storyboard */ = {
			isa = PBXVariantGroup;
			children = (
				387DBA4B1AC58DC600CE148E /* Base */,
			);
			name = Main.storyboard;
			sourceTree = "<group>";
		};
		387DBA4F1AC58DC600CE148E /* LaunchScreen.xib */ = {
			isa = PBXVariantGroup;
			children = (
				387DBA501AC58DC600CE148E /* Base */,
			);
			name = LaunchScreen.xib;
			sourceTree = "<group>";
		};
/* End PBXVariantGroup section */

/* Begin XCBuildConfiguration section */
		387DBA5E1AC58DC600CE148E /* Debug */ = {
			isa = XCBuildConfiguration;
			buildSettings = {
				ALWAYS_SEARCH_USER_PATHS = NO;
				CLANG_CXX_LANGUAGE_STANDARD = "gnu++0x";
				CLANG_CXX_LIBRARY = "libc++";
				CLANG_ENABLE_MODULES = YES;
				CLANG_ENABLE_OBJC_ARC = YES;
				CLANG_WARN_BOOL_CONVERSION = YES;
				CLANG_WARN_CONSTANT_CONVERSION = YES;
				CLANG_WARN_DIRECT_OBJC_ISA_USAGE = YES_ERROR;
				CLANG_WARN_EMPTY_BODY = YES;
				CLANG_WARN_ENUM_CONVERSION = YES;
				CLANG_WARN_INT_CONVERSION = YES;
				CLANG_WARN_OBJC_ROOT_CLASS = YES_ERROR;
				CLANG_WARN_UNREACHABLE_CODE = YES;
				CLANG_WARN__DUPLICATE_METHOD_MATCH = YES;
				"CODE_SIGN_IDENTITY[sdk=iphoneos*]" = "iPhone Developer";
				COPY_PHASE_STRIP = NO;
				DEBUG_INFORMATION_FORMAT = dwarf;
				ENABLE_STRICT_OBJC_MSGSEND = YES;
				ENABLE_TESTABILITY = YES;
				FRAMEWORK_SEARCH_PATHS = "$(SRCROOT)/../../";
				GCC_C_LANGUAGE_STANDARD = gnu99;
				GCC_DYNAMIC_NO_PIC = NO;
				GCC_OPTIMIZATION_LEVEL = 0;
				GCC_PREPROCESSOR_DEFINITIONS = (
					"DEBUG=1",
					"$(inherited)",
				);
				GCC_SYMBOLS_PRIVATE_EXTERN = NO;
				GCC_WARN_64_TO_32_BIT_CONVERSION = YES;
				GCC_WARN_ABOUT_RETURN_TYPE = YES_ERROR;
				GCC_WARN_UNDECLARED_SELECTOR = YES;
				GCC_WARN_UNINITIALIZED_AUTOS = YES_AGGRESSIVE;
				GCC_WARN_UNUSED_FUNCTION = YES;
				GCC_WARN_UNUSED_VARIABLE = YES;
				IPHONEOS_DEPLOYMENT_TARGET = 6.1;
				MTL_ENABLE_DEBUG_INFO = YES;
				ONLY_ACTIVE_ARCH = YES;
				SDKROOT = iphoneos;
				TARGETED_DEVICE_FAMILY = "1,2";
			};
			name = Debug;
		};
		387DBA5F1AC58DC600CE148E /* Release */ = {
			isa = XCBuildConfiguration;
			buildSettings = {
				ALWAYS_SEARCH_USER_PATHS = NO;
				CLANG_CXX_LANGUAGE_STANDARD = "gnu++0x";
				CLANG_CXX_LIBRARY = "libc++";
				CLANG_ENABLE_MODULES = YES;
				CLANG_ENABLE_OBJC_ARC = YES;
				CLANG_WARN_BOOL_CONVERSION = YES;
				CLANG_WARN_CONSTANT_CONVERSION = YES;
				CLANG_WARN_DIRECT_OBJC_ISA_USAGE = YES_ERROR;
				CLANG_WARN_EMPTY_BODY = YES;
				CLANG_WARN_ENUM_CONVERSION = YES;
				CLANG_WARN_INT_CONVERSION = YES;
				CLANG_WARN_OBJC_ROOT_CLASS = YES_ERROR;
				CLANG_WARN_UNREACHABLE_CODE = YES;
				CLANG_WARN__DUPLICATE_METHOD_MATCH = YES;
				"CODE_SIGN_IDENTITY[sdk=iphoneos*]" = "iPhone Developer";
				COPY_PHASE_STRIP = NO;
				ENABLE_NS_ASSERTIONS = NO;
				ENABLE_STRICT_OBJC_MSGSEND = YES;
				FRAMEWORK_SEARCH_PATHS = "$(SRCROOT)/../../";
				GCC_C_LANGUAGE_STANDARD = gnu99;
				GCC_WARN_64_TO_32_BIT_CONVERSION = YES;
				GCC_WARN_ABOUT_RETURN_TYPE = YES_ERROR;
				GCC_WARN_UNDECLARED_SELECTOR = YES;
				GCC_WARN_UNINITIALIZED_AUTOS = YES_AGGRESSIVE;
				GCC_WARN_UNUSED_FUNCTION = YES;
				GCC_WARN_UNUSED_VARIABLE = YES;
				IPHONEOS_DEPLOYMENT_TARGET = 6.1;
				MTL_ENABLE_DEBUG_INFO = NO;
				SDKROOT = iphoneos;
				TARGETED_DEVICE_FAMILY = "1,2";
				VALIDATE_PRODUCT = YES;
			};
			name = Release;
		};
		387DBA611AC58DC600CE148E /* Debug */ = {
			isa = XCBuildConfiguration;
			buildSettings = {
				ALWAYS_SEARCH_USER_PATHS = "$(inherited)";
				ASSETCATALOG_COMPILER_APPICON_NAME = AppIcon;
				CODE_SIGN_IDENTITY = "iPhone Developer";
				FRAMEWORK_SEARCH_PATHS = "$(inherited)";
				INFOPLIST_FILE = InterstitialAdExample/Info.plist;
				IPHONEOS_DEPLOYMENT_TARGET = 7.0;
				LD_RUNPATH_SEARCH_PATHS = "$(inherited) @executable_path/Frameworks";
				LIBRARY_SEARCH_PATHS = "$(inherited)";
				OTHER_LDFLAGS = "";
				PRODUCT_BUNDLE_IDENTIFIER = ru.mail.InterstitialAdExample;
				PRODUCT_NAME = "$(TARGET_NAME)";
			};
			name = Debug;
		};
		387DBA621AC58DC600CE148E /* Release */ = {
			isa = XCBuildConfiguration;
			buildSettings = {
				ALWAYS_SEARCH_USER_PATHS = "$(inherited)";
				ASSETCATALOG_COMPILER_APPICON_NAME = AppIcon;
				CODE_SIGN_IDENTITY = "iPhone Developer";
				FRAMEWORK_SEARCH_PATHS = "$(inherited)";
				INFOPLIST_FILE = InterstitialAdExample/Info.plist;
				IPHONEOS_DEPLOYMENT_TARGET = 7.0;
				LD_RUNPATH_SEARCH_PATHS = "$(inherited) @executable_path/Frameworks";
				LIBRARY_SEARCH_PATHS = "$(inherited)";
				OTHER_LDFLAGS = "";
				PRODUCT_BUNDLE_IDENTIFIER = ru.mail.InterstitialAdExample;
				PRODUCT_NAME = "$(TARGET_NAME)";
			};
			name = Release;
		};
		387DBA641AC58DC600CE148E /* Debug */ = {
			isa = XCBuildConfiguration;
			buildSettings = {
				FRAMEWORK_SEARCH_PATHS = (
					"$(SDKROOT)/Developer/Library/Frameworks",
					"$(inherited)",
				);
				GCC_PREPROCESSOR_DEFINITIONS = (
					"DEBUG=1",
					"$(inherited)",
				);
				INFOPLIST_FILE = InterstitialAdExampleTests/Info.plist;
				LD_RUNPATH_SEARCH_PATHS = "$(inherited) @executable_path/Frameworks @loader_path/Frameworks";
				PRODUCT_BUNDLE_IDENTIFIER = "test.$(PRODUCT_NAME:rfc1034identifier)";
				PRODUCT_NAME = "$(TARGET_NAME)";
				SDKROOT = iphoneos;
			};
			name = Debug;
		};
		387DBA651AC58DC600CE148E /* Release */ = {
			isa = XCBuildConfiguration;
			buildSettings = {
				FRAMEWORK_SEARCH_PATHS = (
					"$(SDKROOT)/Developer/Library/Frameworks",
					"$(inherited)",
				);
				INFOPLIST_FILE = InterstitialAdExampleTests/Info.plist;
				LD_RUNPATH_SEARCH_PATHS = "$(inherited) @executable_path/Frameworks @loader_path/Frameworks";
				PRODUCT_BUNDLE_IDENTIFIER = "test.$(PRODUCT_NAME:rfc1034identifier)";
				PRODUCT_NAME = "$(TARGET_NAME)";
				SDKROOT = iphoneos;
			};
			name = Release;
		};
/* End XCBuildConfiguration section */

/* Begin XCConfigurationList section */
		387DBA381AC58DC600CE148E /* Build configuration list for PBXProject "InterstitialAdExample" */ = {
			isa = XCConfigurationList;
			buildConfigurations = (
				387DBA5E1AC58DC600CE148E /* Debug */,
				387DBA5F1AC58DC600CE148E /* Release */,
			);
			defaultConfigurationIsVisible = 0;
			defaultConfigurationName = Release;
		};
		387DBA601AC58DC600CE148E /* Build configuration list for PBXNativeTarget "InterstitialAdExample" */ = {
			isa = XCConfigurationList;
			buildConfigurations = (
				387DBA611AC58DC600CE148E /* Debug */,
				387DBA621AC58DC600CE148E /* Release */,
			);
			defaultConfigurationIsVisible = 0;
			defaultConfigurationName = Release;
		};
		387DBA631AC58DC600CE148E /* Build configuration list for PBXNativeTarget "InterstitialAdExampleTests" */ = {
			isa = XCConfigurationList;
			buildConfigurations = (
				387DBA641AC58DC600CE148E /* Debug */,
				387DBA651AC58DC600CE148E /* Release */,
			);
			defaultConfigurationIsVisible = 0;
			defaultConfigurationName = Release;
		};
/* End XCConfigurationList section */
	};
	rootObject = 387DBA351AC58DC600CE148E /* Project object */;
}
